
Microsoft Visual Studio Solution File, Format Version 12.00
# Visual Studio Express 2013 for Web
VisualStudioVersion = 12.0.30723.0
MinimumVisualStudioVersion = 10.0.40219.1
Project("{FAE04EC0-301F-11D3-BF4B-00C04F79EFBC}") = "CORS Demo", "CORS Demo\CORS Demo.csproj", "{18B4B867-1F6F-4BB4-9B2E-A8EE9129932D}"
EndProject
Global
	GlobalSection(SolutionConfigurationPlatforms) = preSolution
		Debug|Any CPU = Debug|Any CPU
		Release|Any CPU = Release|Any CPU
	EndGlobalSection
	GlobalSection(ProjectConfigurationPlatforms) = postSolution
		{18B4B867-1F6F-4BB4-9B2E-A8EE9129932D}.Debug|Any CPU.ActiveCfg = Debug|Any CPU
		{18B4B867-1F6F-4BB4-9B2E-A8EE9129932D}.Debug|Any CPU.Build.0 = Debug|Any CPU
		{18B4B867-1F6F-4BB4-9B2E-A8EE9129932D}.Release|Any CPU.ActiveCfg = Release|Any CPU
		{18B4B867-1F6F-4BB4-9B2E-A8EE9129932D}.Release|Any CPU.Build.0 = Release|Any CPU
	EndGlobalSection
	GlobalSection(SolutionProperties) = preSolution
		HideSolutionNode = FALSE
	EndGlobalSection
EndGlobal
